
Microsoft Visual Studio Solution File, Format Version 12.00
# Visual Studio 15
VisualStudioVersion = 15.0.28307.329
MinimumVisualStudioVersion = 10.0.40219.1
Project("{FAE04EC0-301F-11D3-BF4B-00C04F79EFBC}") = "ConsoleApp2", "ConsoleApp2\ConsoleApp2.csproj", "{6828C001-22AD-4F61-A524-3D34388E6CED}"
EndProject
Global
	GlobalSection(SolutionConfigurationPlatforms) = preSolution
		Debug|Any CPU = Debug|Any CPU
		Release|Any CPU = Release|Any CPU
	EndGlobalSection
	GlobalSection(ProjectConfigurationPlatforms) = postSolution
		{6828C001-22AD-4F61-A524-3D34388E6CED}.Debug|Any CPU.ActiveCfg = Debug|Any CPU
		{6828C001-22AD-4F61-A524-3D34388E6CED}.Debug|Any CPU.Build.0 = Debug|Any CPU
		{6828C001-22AD-4F61-A524-3D34388E6CED}.Release|Any CPU.ActiveCfg = Release|Any CPU
		{6828C001-22AD-4F61-A524-3D34388E6CED}.Release|Any CPU.Build.0 = Release|Any CPU
	EndGlobalSection
	GlobalSection(SolutionProperties) = preSolution
		HideSolutionNode = FALSE
	EndGlobalSection
	GlobalSection(ExtensibilityGlobals) = postSolution
		SolutionGuid = {37AC2BA6-0475-46CE-A9D8-CC8DA96F9F91}
	EndGlobalSection
EndGlobal
